
Microsoft Visual Studio Solution File, Format Version 12.00
# Visual Studio 2013
VisualStudioVersion = 12.0.40629.0
MinimumVisualStudioVersion = 10.0.40219.1
Project("{FAE04EC0-301F-11D3-BF4B-00C04F79EFBC}") = "Task1.Logic", "Task1.Logic\Task1.Logic.csproj", "{1C1CE7C6-D0DD-4734-8328-BBEBE84FF048}"
EndProject
Project("{FAE04EC0-301F-11D3-BF4B-00C04F79EFBC}") = "Task1.FormatProvider", "Task1.FormatProvider\Task1.FormatProvider.csproj", "{DA5B578D-BB6A-4CB6-95CD-752FF3572564}"
EndProject
Project("{FAE04EC0-301F-11D3-BF4B-00C04F79EFBC}") = "Task1.Logic.Tests", "Task1.Logic.Tests\Task1.Logic.Tests.csproj", "{521E4DA1-8319-42EF-856F-6F2B9FF546C7}"
EndProject
Project("{2150E333-8FDC-42A3-9474-1A3956D46DE8}") = ".nuget", ".nuget", "{9C4AB709-FECD-4540-992F-1E014C6973F2}"
	ProjectSection(SolutionItems) = preProject
		.nuget\packages.config = .nuget\packages.config
	EndProjectSection
EndProject
Global
	GlobalSection(SolutionConfigurationPlatforms) = preSolution
		Debug|Any CPU = Debug|Any CPU
		Release|Any CPU = Release|Any CPU
	EndGlobalSection
	GlobalSection(ProjectConfigurationPlatforms) = postSolution
		{1C1CE7C6-D0DD-4734-8328-BBEBE84FF048}.Debug|Any CPU.ActiveCfg = Debug|Any CPU
		{1C1CE7C6-D0DD-4734-8328-BBEBE84FF048}.Debug|Any CPU.Build.0 = Debug|Any CPU
		{1C1CE7C6-D0DD-4734-8328-BBEBE84FF048}.Release|Any CPU.ActiveCfg = Release|Any CPU
		{1C1CE7C6-D0DD-4734-8328-BBEBE84FF048}.Release|Any CPU.Build.0 = Release|Any CPU
		{DA5B578D-BB6A-4CB6-95CD-752FF3572564}.Debug|Any CPU.ActiveCfg = Debug|Any CPU
		{DA5B578D-BB6A-4CB6-95CD-752FF3572564}.Debug|Any CPU.Build.0 = Debug|Any CPU
		{DA5B578D-BB6A-4CB6-95CD-752FF3572564}.Release|Any CPU.ActiveCfg = Release|Any CPU
		{DA5B578D-BB6A-4CB6-95CD-752FF3572564}.Release|Any CPU.Build.0 = Release|Any CPU
		{521E4DA1-8319-42EF-856F-6F2B9FF546C7}.Debug|Any CPU.ActiveCfg = Debug|Any CPU
		{521E4DA1-8319-42EF-856F-6F2B9FF546C7}.Debug|Any CPU.Build.0 = Debug|Any CPU
		{521E4DA1-8319-42EF-856F-6F2B9FF546C7}.Release|Any CPU.ActiveCfg = Release|Any CPU
		{521E4DA1-8319-42EF-856F-6F2B9FF546C7}.Release|Any CPU.Build.0 = Release|Any CPU
	EndGlobalSection
	GlobalSection(SolutionProperties) = preSolution
		HideSolutionNode = FALSE
	EndGlobalSection
EndGlobal
